
Microsoft Visual Studio Solution File, Format Version 12.00
# Visual Studio 15
VisualStudioVersion = 15.0.28010.2016
MinimumVisualStudioVersion = 10.0.40219.1
Project("{9A19103F-16F7-4668-BE54-9A1E7A4F7556}") = "pwaWebAPIFx", "pwaWebAPIFx.csproj", "{BA889059-2018-4904-A11F-BF82C58511DF}"
EndProject
Global
	GlobalSection(SolutionConfigurationPlatforms) = preSolution
		Debug|Any CPU = Debug|Any CPU
		Release|Any CPU = Release|Any CPU
	EndGlobalSection
	GlobalSection(ProjectConfigurationPlatforms) = postSolution
		{BA889059-2018-4904-A11F-BF82C58511DF}.Debug|Any CPU.ActiveCfg = Debug|Any CPU
		{BA889059-2018-4904-A11F-BF82C58511DF}.Debug|Any CPU.Build.0 = Debug|Any CPU
		{BA889059-2018-4904-A11F-BF82C58511DF}.Release|Any CPU.ActiveCfg = Release|Any CPU
		{BA889059-2018-4904-A11F-BF82C58511DF}.Release|Any CPU.Build.0 = Release|Any CPU
	EndGlobalSection
	GlobalSection(SolutionProperties) = preSolution
		HideSolutionNode = FALSE
	EndGlobalSection
	GlobalSection(ExtensibilityGlobals) = postSolution
		SolutionGuid = {0F1F3AF6-C3B3-4A39-AD3C-18A58BE544EC}
	EndGlobalSection
EndGlobal
